# THIS IS AN AUTOGENERATED FILE. DO NOT EDIT THIS FILE DIRECTLY.
# yarn lockfile v1


an-array-of-english-words@^2.0.0:
  version "2.0.0"
  resolved "https://registry.yarnpkg.com/an-array-of-english-words/-/an-array-of-english-words-2.0.0.tgz#2d9de64929b864f1eff5bd53dead275ff1ac0c32"
  integrity sha512-FXnNvZSOI27kkKXeLSquhaTGP7z198UOQ4txaYO9fCfrjCh+D5SV7G7XqzEH0229+pAi4cjBEZ4WIQYgjKtO7Q==
